
Microsoft Visual Studio Solution File, Format Version 12.00
# Visual Studio 15
VisualStudioVersion = 15.0.28307.421
MinimumVisualStudioVersion = 10.0.40219.1
Project("{FAE04EC0-301F-11D3-BF4B-00C04F79EFBC}") = "StringCalc", "StringCalc\StringCalc.csproj", "{2D5BA012-064D-4CF5-A8E5-43DA2A10996C}"
EndProject
Global
	GlobalSection(SolutionConfigurationPlatforms) = preSolution
		Debug|Any CPU = Debug|Any CPU
		Release|Any CPU = Release|Any CPU
	EndGlobalSection
	GlobalSection(ProjectConfigurationPlatforms) = postSolution
		{2D5BA012-064D-4CF5-A8E5-43DA2A10996C}.Debug|Any CPU.ActiveCfg = Debug|Any CPU
		{2D5BA012-064D-4CF5-A8E5-43DA2A10996C}.Debug|Any CPU.Build.0 = Debug|Any CPU
		{2D5BA012-064D-4CF5-A8E5-43DA2A10996C}.Release|Any CPU.ActiveCfg = Release|Any CPU
		{2D5BA012-064D-4CF5-A8E5-43DA2A10996C}.Release|Any CPU.Build.0 = Release|Any CPU
	EndGlobalSection
	GlobalSection(SolutionProperties) = preSolution
		HideSolutionNode = FALSE
	EndGlobalSection
	GlobalSection(ExtensibilityGlobals) = postSolution
		SolutionGuid = {311D1FD3-D503-491A-8CC1-13D6113CCF62}
	EndGlobalSection
EndGlobal
